Microsoft Visual Studio Solution File, Format Version 12.00
# Visual Studio Version 17
VisualStudioVersion = 17.5.2.0
MinimumVisualStudioVersion = 10.0.40219.1
Project("{2150E333-8FDC-42A3-9474-1A3956D46DE8}") = "PharmaGoBackend", "PharmaGoBackend", "{CB6A211F-09F8-9E3D-D5FE-45442766080B}"
EndProject
Project("{FAE04EC0-301F-11D3-BF4B-00C04F79EFBC}") = "PharmaGo", "PharmaGoBackend\PharmaGo.csproj", "{50D38755-E3AB-F7ED-AE74-40C74F275BEF}"
EndProject
Global
	GlobalSection(SolutionConfigurationPlatforms) = preSolution
		Debug|Any CPU = Debug|Any CPU
		Release|Any CPU = Release|Any CPU
	EndGlobalSection
	GlobalSection(ProjectConfigurationPlatforms) = postSolution
		{50D38755-E3AB-F7ED-AE74-40C74F275BEF}.Debug|Any CPU.ActiveCfg = Debug|Any CPU
		{50D38755-E3AB-F7ED-AE74-40C74F275BEF}.Debug|Any CPU.Build.0 = Debug|Any CPU
		{50D38755-E3AB-F7ED-AE74-40C74F275BEF}.Release|Any CPU.ActiveCfg = Release|Any CPU
		{50D38755-E3AB-F7ED-AE74-40C74F275BEF}.Release|Any CPU.Build.0 = Release|Any CPU
	EndGlobalSection
	GlobalSection(SolutionProperties) = preSolution
		HideSolutionNode = FALSE
	EndGlobalSection
	GlobalSection(NestedProjects) = preSolution
		{50D38755-E3AB-F7ED-AE74-40C74F275BEF} = {CB6A211F-09F8-9E3D-D5FE-45442766080B}
	EndGlobalSection
	GlobalSection(ExtensibilityGlobals) = postSolution
		SolutionGuid = {C7E25CD1-EBFC-4560-8F90-CE068764A7A9}
	EndGlobalSection
EndGlobal
